PODS:
  - lottie-ios (3.1.8)
  - XLPagerTabStrip (9.0.0)

DEPENDENCIES:
  - lottie-ios
  - XLPagerTabStrip (~> 9.0)

SPEC REPOS:
  trunk:
    - lottie-ios
    - XLPagerTabStrip

SPEC CHECKSUMS:
  lottie-ios: 48fac6be217c76937e36e340e2d09cf7b10b7f5f
  XLPagerTabStrip: 61c57fd61f611ee5f01ff1495ad6fbee8bf496c5

PODFILE CHECKSUM: 0035bebf1a9d78dd3efd7d2443cdb8dad2e48cc0

COCOAPODS: 1.9.3
